// !$*UTF8*$!
{
	archiveVersion = 1;
	classes = {
	};
	objectVersion = 50;
	objects = {

/* Begin PBXBuildFile section */
		5814255F220C80720066AF58 /* AppDelegate.swift in Sources */ = {isa = PBXBuildFile; fileRef = 5814255E220C80720066AF58 /* AppDelegate.swift */; };
		58142561220C80720066AF58 /* ViewController.swift in Sources */ = {isa = PBXBuildFile; fileRef = 58142560220C80720066AF58 /* ViewController.swift */; };
		58142564220C80720066AF58 /* Main.storyboard in Resources */ = {isa = PBXBuildFile; fileRef = 58142562220C80720066AF58 /* Main.storyboard */; };
		58142566220C80750066AF58 /* Assets.xcassets in Resources */ = {isa = PBXBuildFile; fileRef = 58142565220C80750066AF58 /* Assets.xcassets */; };
		58142569220C80750066AF58 /* LaunchScreen.storyboard in Resources */ = {isa = PBXBuildFile; fileRef = 58142567220C80750066AF58 /* LaunchScreen.storyboard */; };
		58142571220C9A700066AF58 /* CardModel.swift in Sources */ = {isa = PBXBuildFile; fileRef = 58142570220C9A700066AF58 /* CardModel.swift */; };
		58142573220CA8980066AF58 /* CardView.swift in Sources */ = {isa = PBXBuildFile; fileRef = 58142572220CA8980066AF58 /* CardView.swift */; };
/* End PBXBuildFile section */

/* Begin PBXFileReference section */
		5814255B220C80720066AF58 /* SwipeTest.app */ = {isa = PBXFileReference; explicitFileType = wrapper.application; includeInIndex = 0; path = SwipeTest.app; sourceTree = BUILT_PRODUCTS_DIR; };
		5814255E220C80720066AF58 /* AppDelegate.swift */ = {isa = PBXFileReference; lastKnownFileType = sourcecode.swift; path = AppDelegate.swift; sourceTree = "<group>"; };
		58142560220C80720066AF58 /* ViewController.swift */ = {isa = PBXFileReference; lastKnownFileType = sourcecode.swift; path = ViewController.swift; sourceTree = "<group>"; };
		58142563220C80720066AF58 /* Base */ = {isa = PBXFileReference; lastKnownFileType = file.storyboard; name = Base; path = Base.lproj/Main.storyboard; sourceTree = "<group>"; };
		58142565220C80750066AF58 /* Assets.xcassets */ = {isa = PBXFileReference; lastKnownFileType = folder.assetcatalog; path = Assets.xcassets; sourceTree = "<group>"; };
		58142568220C80750066AF58 /* Base */ = {isa = PBXFileReference; lastKnownFileType = file.storyboard; name = Base; path = Base.lproj/LaunchScreen.storyboard; sourceTree = "<group>"; };
		5814256A220C80750066AF58 /* Info.plist */ = {isa = PBXFileReference; lastKnownFileType = text.plist.xml; path = Info.plist; sourceTree = "<group>"; };
		58142570220C9A700066AF58 /* CardModel.swift */ = {isa = PBXFileReference; lastKnownFileType = sourcecode.swift; path = CardModel.swift; sourceTree = "<group>"; };
		58142572220CA8980066AF58 /* CardView.swift */ = {isa = PBXFileReference; lastKnownFileType = sourcecode.swift; path = CardView.swift; sourceTree = "<group>"; };
/* End PBXFileReference section */

/* Begin PBXFrameworksBuildPhase section */
		58142558220C80720066AF58 /* Frameworks */ = {
			isa = PBXFrameworksBuildPhase;
			buildActionMask = 2147483647;
			files = (
			);
			runOnlyForDeploymentPostprocessing = 0;
		};
/* End PBXFrameworksBuildPhase section */

/* Begin PBXGroup section */
		58142552220C80720066AF58 = {
			isa = PBXGroup;
			children = (
				5814255D220C80720066AF58 /* SwipeTest */,
				5814255C220C80720066AF58 /* Products */,
			);
			sourceTree = "<group>";
		};
		5814255C220C80720066AF58 /* Products */ = {
			isa = PBXGroup;
			children = (
				5814255B220C80720066AF58 /* SwipeTest.app */,
			);
			name = Products;
			sourceTree = "<group>";
		};
		5814255D220C80720066AF58 /* SwipeTest */ = {
			isa = PBXGroup;
			children = (
				5814255E220C80720066AF58 /* AppDelegate.swift */,
				58142560220C80720066AF58 /* ViewController.swift */,
				58142562220C80720066AF58 /* Main.storyboard */,
				58142565220C80750066AF58 /* Assets.xcassets */,
				58142567220C80750066AF58 /* LaunchScreen.storyboard */,
				5814256A220C80750066AF58 /* Info.plist */,
				58142570220C9A700066AF58 /* CardModel.swift */,
				58142572220CA8980066AF58 /* CardView.swift */,
			);
			path = SwipeTest;
			sourceTree = "<group>";
		};
/* End PBXGroup section */

/* Begin PBXNativeTarget section */
		5814255A220C80720066AF58 /* SwipeTest */ = {
			isa = PBXNativeTarget;
			buildConfigurationList = 5814256D220C80750066AF58 /* Build configuration list for PBXNativeTarget "SwipeTest" */;
			buildPhases = (
				58142557220C80720066AF58 /* Sources */,
				58142558220C80720066AF58 /* Frameworks */,
				58142559220C80720066AF58 /* Resources */,
			);
			buildRules = (
			);
			dependencies = (
			);
			name = SwipeTest;
			productName = SwipeTest;
			productReference = 5814255B220C80720066AF58 /* SwipeTest.app */;
			productType = "com.apple.product-type.application";
		};
/* End PBXNativeTarget section */

/* Begin PBXProject section */
		58142553220C80720066AF58 /* Project object */ = {
			isa = PBXProject;
			attributes = {
				LastSwiftUpdateCheck = 1010;
				LastUpgradeCheck = 1010;
				ORGANIZATIONNAME = "sini-air";
				TargetAttributes = {
					5814255A220C80720066AF58 = {
						CreatedOnToolsVersion = 10.1;
					};
				};
			};
			buildConfigurationList = 58142556220C80720066AF58 /* Build configuration list for PBXProject "SwipeTest" */;
			compatibilityVersion = "Xcode 9.3";
			developmentRegion = en;
			hasScannedForEncodings = 0;
			knownRegions = (
				en,
				Base,
			);
			mainGroup = 58142552220C80720066AF58;
			productRefGroup = 5814255C220C80720066AF58 /* Products */;
			projectDirPath = "";
			projectRoot = "";
			targets = (
				5814255A220C80720066AF58 /* SwipeTest */,
			);
		};
/* End PBXProject section */

/* Begin PBXResourcesBuildPhase section */
		58142559220C80720066AF58 /* Resources */ = {
			isa = PBXResourcesBuildPhase;
			buildActionMask = 2147483647;
			files = (
				58142569220C80750066AF58 /* LaunchScreen.storyboard in Resources */,
				58142566220C80750066AF58 /* Assets.xcassets in Resources */,
				58142564220C80720066AF58 /* Main.storyboard in Resources */,
			);
			runOnlyForDeploymentPostprocessing = 0;
		};
/* End PBXResourcesBuildPhase section */

/* Begin PBXSourcesBuildPhase section */
		58142557220C80720066AF58 /* Sources */ = {
			isa = PBXSourcesBuildPhase;
			buildActionMask = 2147483647;
			files = (
				58142561220C80720066AF58 /* ViewController.swift in Sources */,
				5814255F220C80720066AF58 /* AppDelegate.swift in Sources */,
				58142573220CA8980066AF58 /* CardView.swift in Sources */,
				58142571220C9A700066AF58 /* CardModel.swift in Sources */,
			);
			runOnlyForDeploymentPostprocessing = 0;
		};
/* End PBXSourcesBuildPhase section */

/* Begin PBXVariantGroup section */
		58142562220C80720066AF58 /* Main.storyboard */ = {
			isa = PBXVariantGroup;
			children = (
				58142563220C80720066AF58 /* Base */,
			);
			name = Main.storyboard;
			sourceTree = "<group>";
		};
		58142567220C80750066AF58 /* LaunchScreen.storyboard */ = {
			isa = PBXVariantGroup;
			children = (
				58142568220C80750066AF58 /* Base */,
			);
			name = LaunchScreen.storyboard;
			sourceTree = "<group>";
		};
/* End PBXVariantGroup section */

/* Begin XCBuildConfiguration section */
		5814256B220C80750066AF58 /* Debug */ = {
			isa = XCBuildConfiguration;
			buildSettings = {
				ALWAYS_SEARCH_USER_PATHS = NO;
				CLANG_ANALYZER_NONNULL = YES;
				CLANG_ANALYZER_NUMBER_OBJECT_CONVERSION = YES_AGGRESSIVE;
				CLANG_CXX_LANGUAGE_STANDARD = "gnu++14";
				CLANG_CXX_LIBRARY = "libc++";
				CLANG_ENABLE_MODULES = YES;
				CLANG_ENABLE_OBJC_ARC = YES;
				CLANG_ENABLE_OBJC_WEAK = YES;
				CLANG_WARN_BLOCK_CAPTURE_AUTORELEASING = YES;
				CLANG_WARN_BOOL_CONVERSION = YES;
				CLANG_WARN_COMMA = YES;
				CLANG_WARN_CONSTANT_CONVERSION = YES;
				CLANG_WARN_DEPRECATED_OBJC_IMPLEMENTATIONS = YES;
				CLANG_WARN_DIRECT_OBJC_ISA_USAGE = YES_ERROR;
				CLANG_WARN_DOCUMENTATION_COMMENTS = YES;
				CLANG_WARN_EMPTY_BODY = YES;
				CLANG_WARN_ENUM_CONVERSION = YES;
				CLANG_WARN_INFINITE_RECURSION = YES;
				CLANG_WARN_INT_CONVERSION = YES;
				CLANG_WARN_NON_LITERAL_NULL_CONVERSION = YES;
				CLANG_WARN_OBJC_IMPLICIT_RETAIN_SELF = YES;
				CLANG_WARN_OBJC_LITERAL_CONVERSION = YES;
				CLANG_WARN_OBJC_ROOT_CLASS = YES_ERROR;
				CLANG_WARN_RANGE_LOOP_ANALYSIS = YES;
				CLANG_WARN_STRICT_PROTOTYPES = YES;
				CLANG_WARN_SUSPICIOUS_MOVE = YES;
				CLANG_WARN_UNGUARDED_AVAILABILITY = YES_AGGRESSIVE;
				CLANG_WARN_UNREACHABLE_CODE = YES;
				CLANG_WARN__DUPLICATE_METHOD_MATCH = YES;
				CODE_SIGN_IDENTITY = "iPhone Developer";
				COPY_PHASE_STRIP = NO;
				DEBUG_INFORMATION_FORMAT = dwarf;
				ENABLE_STRICT_OBJC_MSGSEND = YES;
				ENABLE_TESTABILITY = YES;
				GCC_C_LANGUAGE_STANDARD = gnu11;
				GCC_DYNAMIC_NO_PIC = NO;
				GCC_NO_COMMON_BLOCKS = YES;
				GCC_OPTIMIZATION_LEVEL = 0;
				GCC_PREPROCESSOR_DEFINITIONS = (
					"DEBUG=1",
					"$(inherited)",
				);
				GCC_WARN_64_TO_32_BIT_CONVERSION = YES;
				GCC_WARN_ABOUT_RETURN_TYPE = YES_ERROR;
				GCC_WARN_UNDECLARED_SELECTOR = YES;
				GCC_WARN_UNINITIALIZED_AUTOS = YES_AGGRESSIVE;
				GCC_WARN_UNUSED_FUNCTION = YES;
				GCC_WARN_UNUSED_VARIABLE = YES;
				IPHONEOS_DEPLOYMENT_TARGET = 12.1;
				MTL_ENABLE_DEBUG_INFO = INCLUDE_SOURCE;
				MTL_FAST_MATH = YES;
				ONLY_ACTIVE_ARCH = YES;
				SDKROOT = iphoneos;
				SWIFT_ACTIVE_COMPILATION_CONDITIONS = DEBUG;
				SWIFT_OPTIMIZATION_LEVEL = "-Onone";
			};
			name = Debug;
		};
		5814256C220C80750066AF58 /* Release */ = {
			isa = XCBuildConfiguration;
			buildSettings = {
				ALWAYS_SEARCH_USER_PATHS = NO;
				CLANG_ANALYZER_NONNULL = YES;
				CLANG_ANALYZER_NUMBER_OBJECT_CONVERSION = YES_AGGRESSIVE;
				CLANG_CXX_LANGUAGE_STANDARD = "gnu++14";
				CLANG_CXX_LIBRARY = "libc++";
				CLANG_ENABLE_MODULES = YES;
				CLANG_ENABLE_OBJC_ARC = YES;
				CLANG_ENABLE_OBJC_WEAK = YES;
				CLANG_WARN_BLOCK_CAPTURE_AUTORELEASING = YES;
				CLANG_WARN_BOOL_CONVERSION = YES;
				CLANG_WARN_COMMA = YES;
				CLANG_WARN_CONSTANT_CONVERSION = YES;
				CLANG_WARN_DEPRECATED_OBJC_IMPLEMENTATIONS = YES;
				CLANG_WARN_DIRECT_OBJC_ISA_USAGE = YES_ERROR;
				CLANG_WARN_DOCUMENTATION_COMMENTS = YES;
				CLANG_WARN_EMPTY_BODY = YES;
				CLANG_WARN_ENUM_CONVERSION = YES;
				CLANG_WARN_INFINITE_RECURSION = YES;
				CLANG_WARN_INT_CONVERSION = YES;
				CLANG_WARN_NON_LITERAL_NULL_CONVERSION = YES;
				CLANG_WARN_OBJC_IMPLICIT_RETAIN_SELF = YES;
				CLANG_WARN_OBJC_LITERAL_CONVERSION = YES;
				CLANG_WARN_OBJC_ROOT_CLASS = YES_ERROR;
				CLANG_WARN_RANGE_LOOP_ANALYSIS = YES;
				CLANG_WARN_STRICT_PROTOTYPES = YES;
				CLANG_WARN_SUSPICIOUS_MOVE = YES;
				CLANG_WARN_UNGUARDED_AVAILABILITY = YES_AGGRESSIVE;
				CLANG_WARN_UNREACHABLE_CODE = YES;
				CLANG_WARN__DUPLICATE_METHOD_MATCH = YES;
				CODE_SIGN_IDENTITY = "iPhone Developer";
				COPY_PHASE_STRIP = NO;
				DEBUG_INFORMATION_FORMAT = "dwarf-with-dsym";
				ENABLE_NS_ASSERTIONS = NO;
				ENABLE_STRICT_OBJC_MSGSEND = YES;
				GCC_C_LANGUAGE_STANDARD = gnu11;
				GCC_NO_COMMON_BLOCKS = YES;
				GCC_WARN_64_TO_32_BIT_CONVERSION = YES;
				GCC_WARN_ABOUT_RETURN_TYPE = YES_ERROR;
				GCC_WARN_UNDECLARED_SELECTOR = YES;
				GCC_WARN_UNINITIALIZED_AUTOS = YES_AGGRESSIVE;
				GCC_WARN_UNUSED_FUNCTION = YES;
				GCC_WARN_UNUSED_VARIABLE = YES;
				IPHONEOS_DEPLOYMENT_TARGET = 12.1;
				MTL_ENABLE_DEBUG_INFO = NO;
				MTL_FAST_MATH = YES;
				SDKROOT = iphoneos;
				SWIFT_COMPILATION_MODE = wholemodule;
				SWIFT_OPTIMIZATION_LEVEL = "-O";
				VALIDATE_PRODUCT = YES;
			};
			name = Release;
		};
		5814256E220C80750066AF58 /* Debug */ = {
			isa = XCBuildConfiguration;
			buildSettings = {
				ASSETCATALOG_COMPILER_APPICON_NAME = AppIcon;
				CODE_SIGN_STYLE = Automatic;
				DEVELOPMENT_TEAM = 27R6W89RN3;
				INFOPLIST_FILE = SwipeTest/Info.plist;
				LD_RUNPATH_SEARCH_PATHS = (
					"$(inherited)",
					"@executable_path/Frameworks",
				);
				PRODUCT_BUNDLE_IDENTIFIER = com.monolith.SwipeTest;
				PRODUCT_NAME = "$(TARGET_NAME)";
				SWIFT_VERSION = 4.2;
				TARGETED_DEVICE_FAMILY = "1,2";
			};
			name = Debug;
		};
		5814256F220C80750066AF58 /* Release */ = {
			isa = XCBuildConfiguration;
			buildSettings = {
				ASSETCATALOG_COMPILER_APPICON_NAME = AppIcon;
				CODE_SIGN_STYLE = Automatic;
				DEVELOPMENT_TEAM = 27R6W89RN3;
				INFOPLIST_FILE = SwipeTest/Info.plist;
				LD_RUNPATH_SEARCH_PATHS = (
					"$(inherited)",
					"@executable_path/Frameworks",
				);
				PRODUCT_BUNDLE_IDENTIFIER = com.monolith.SwipeTest;
				PRODUCT_NAME = "$(TARGET_NAME)";
				SWIFT_VERSION = 4.2;
				TARGETED_DEVICE_FAMILY = "1,2";
			};
			name = Release;
		};
/* End XCBuildConfiguration section */

/* Begin XCConfigurationList section */
		58142556220C80720066AF58 /* Build configuration list for PBXProject "SwipeTest" */ = {
			isa = XCConfigurationList;
			buildConfigurations = (
				5814256B220C80750066AF58 /* Debug */,
				5814256C220C80750066AF58 /* Release */,
			);
			defaultConfigurationIsVisible = 0;
			defaultConfigurationName = Release;
		};
		5814256D220C80750066AF58 /* Build configuration list for PBXNativeTarget "SwipeTest" */ = {
			isa = XCConfigurationList;
			buildConfigurations = (
				5814256E220C80750066AF58 /* Debug */,
				5814256F220C80750066AF58 /* Release */,
			);
			defaultConfigurationIsVisible = 0;
			defaultConfigurationName = Release;
		};
/* End XCConfigurationList section */
	};
	rootObject = 58142553220C80720066AF58 /* Project object */;
}
